
Microsoft Visual Studio Solution File, Format Version 12.00
# Visual Studio 15
Project("{FAE04EC0-301F-11D3-BF4B-00C04F79EFBC}") = "utilities", "utilities\utilities.csproj", "{DCB35A22-8646-4303-AFEB-4F7D3A5A5EE0}"
EndProject
Project("{FAE04EC0-301F-11D3-BF4B-00C04F79EFBC}") = "modules", "modules\modules.csproj", "{BDDD7FE7-3C67-4243-8AA6-A6920612A13D}"
EndProject
Project("{FAE04EC0-301F-11D3-BF4B-00C04F79EFBC}") = "data", "data\data.csproj", "{B4EF662D-2C58-48C5-AA15-52F01A485101}"
EndProject
Project("{FAE04EC0-301F-11D3-BF4B-00C04F79EFBC}") = "start", "start\start.csproj", "{37F2D910-24BB-44DC-95CC-92BF71C6E2DF}"
EndProject
Global
	GlobalSection(SolutionConfigurationPlatforms) = preSolution
		Default|Any CPU = Default|Any CPU
		Debug|Any CPU = Debug|Any CPU
		Release|Any CPU = Release|Any CPU
	EndGlobalSection
	GlobalSection(ProjectConfigurationPlatforms) = postSolution
		{DCB35A22-8646-4303-AFEB-4F7D3A5A5EE0}.Default|Any CPU.ActiveCfg = Debug|Any CPU
		{DCB35A22-8646-4303-AFEB-4F7D3A5A5EE0}.Default|Any CPU.Build.0 = Debug|Any CPU
		{DCB35A22-8646-4303-AFEB-4F7D3A5A5EE0}.Debug|Any CPU.ActiveCfg = Debug|Any CPU
		{DCB35A22-8646-4303-AFEB-4F7D3A5A5EE0}.Debug|Any CPU.Build.0 = Debug|Any CPU
		{DCB35A22-8646-4303-AFEB-4F7D3A5A5EE0}.Release|Any CPU.ActiveCfg = Release|Any CPU
		{DCB35A22-8646-4303-AFEB-4F7D3A5A5EE0}.Release|Any CPU.Build.0 = Release|Any CPU
		{BDDD7FE7-3C67-4243-8AA6-A6920612A13D}.Default|Any CPU.ActiveCfg = Debug|Any CPU
		{BDDD7FE7-3C67-4243-8AA6-A6920612A13D}.Default|Any CPU.Build.0 = Debug|Any CPU
		{BDDD7FE7-3C67-4243-8AA6-A6920612A13D}.Debug|Any CPU.ActiveCfg = Debug|Any CPU
		{BDDD7FE7-3C67-4243-8AA6-A6920612A13D}.Debug|Any CPU.Build.0 = Debug|Any CPU
		{BDDD7FE7-3C67-4243-8AA6-A6920612A13D}.Release|Any CPU.ActiveCfg = Release|Any CPU
		{BDDD7FE7-3C67-4243-8AA6-A6920612A13D}.Release|Any CPU.Build.0 = Release|Any CPU
		{B4EF662D-2C58-48C5-AA15-52F01A485101}.Default|Any CPU.ActiveCfg = Debug|Any CPU
		{B4EF662D-2C58-48C5-AA15-52F01A485101}.Default|Any CPU.Build.0 = Debug|Any CPU
		{B4EF662D-2C58-48C5-AA15-52F01A485101}.Debug|Any CPU.ActiveCfg = Debug|Any CPU
		{B4EF662D-2C58-48C5-AA15-52F01A485101}.Debug|Any CPU.Build.0 = Debug|Any CPU
		{B4EF662D-2C58-48C5-AA15-52F01A485101}.Release|Any CPU.ActiveCfg = Release|Any CPU
		{B4EF662D-2C58-48C5-AA15-52F01A485101}.Release|Any CPU.Build.0 = Release|Any CPU
		{37F2D910-24BB-44DC-95CC-92BF71C6E2DF}.Default|Any CPU.ActiveCfg = Debug|Any CPU
		{37F2D910-24BB-44DC-95CC-92BF71C6E2DF}.Default|Any CPU.Build.0 = Debug|Any CPU
		{37F2D910-24BB-44DC-95CC-92BF71C6E2DF}.Debug|Any CPU.ActiveCfg = Debug|Any CPU
		{37F2D910-24BB-44DC-95CC-92BF71C6E2DF}.Debug|Any CPU.Build.0 = Debug|Any CPU
		{37F2D910-24BB-44DC-95CC-92BF71C6E2DF}.Release|Any CPU.ActiveCfg = Release|Any CPU
		{37F2D910-24BB-44DC-95CC-92BF71C6E2DF}.Release|Any CPU.Build.0 = Release|Any CPU
	EndGlobalSection
EndGlobal
